
Microsoft Visual Studio Solution File, Format Version 12.00
# Visual Studio Version 16
VisualStudioVersion = 16.0.31321.278
MinimumVisualStudioVersion = 10.0.40219.1
Project("{FAE04EC0-301F-11D3-BF4B-00C04F79EFBC}") = "GCDTraining", "GCDTraining\GCDTraining.csproj", "{D683A1A7-4B6F-41B3-A532-8DA12F302687}"
EndProject
Project("{FAE04EC0-301F-11D3-BF4B-00C04F79EFBC}") = "LeapYear", "LeapYear\LeapYear.csproj", "{3CB1B899-802E-4F15-BD87-E15564F7838B}"
EndProject
Project("{FAE04EC0-301F-11D3-BF4B-00C04F79EFBC}") = "FindLargestNumber", "FindLargestNumber\FindLargestNumber.csproj", "{09BDB16F-B0B6-4F80-8D65-E044ADE422EA}"
EndProject
Project("{FAE04EC0-301F-11D3-BF4B-00C04F79EFBC}") = "InTamGiacSo", "InTamGiacSo\InTamGiacSo.csproj", "{AB552CAD-A5A2-49D1-8799-3EE9816A5300}"
EndProject
Project("{FAE04EC0-301F-11D3-BF4B-00C04F79EFBC}") = "CalculateRootOfQuadraticEquation", "CalculateRootOfQuadraticEquation\CalculateRootOfQuadraticEquation.csproj", "{2B81F8D6-54E1-41C0-8E32-9C70FB0000F1}"
EndProject
Project("{FAE04EC0-301F-11D3-BF4B-00C04F79EFBC}") = "CheckTriangle", "CheckTriangle\CheckTriangle.csproj", "{19ED3F9D-AF50-4170-B7D7-0DB7CF285317}"
EndProject
Project("{FAE04EC0-301F-11D3-BF4B-00C04F79EFBC}") = "ElectricBill", "ElectricBill\ElectricBill.csproj", "{1A9C528E-FC52-4871-BB4E-7EC059F69C4F}"
EndProject
Project("{FAE04EC0-301F-11D3-BF4B-00C04F79EFBC}") = "VeKimTuThapSo", "VeKimTuThapSo\VeKimTuThapSo.csproj", "{E469B506-E570-4EEC-B507-38D0EE53674D}"
EndProject
Project("{FAE04EC0-301F-11D3-BF4B-00C04F79EFBC}") = "School", "School\School.csproj", "{7306D7A3-0ED2-4E8D-BE36-0E14209753E5}"
EndProject
Project("{FAE04EC0-301F-11D3-BF4B-00C04F79EFBC}") = "BangCuuChuong", "BangCuuChuong\BangCuuChuong.csproj", "{897C5171-9A2C-4595-BBB5-AE8A3BAC5F3A}"
EndProject
Project("{FAE04EC0-301F-11D3-BF4B-00C04F79EFBC}") = "Method", "Method\Method.csproj", "{71E522CC-0F6B-4D52-B72A-C9DD7DA99AC2}"
EndProject
Project("{FAE04EC0-301F-11D3-BF4B-00C04F79EFBC}") = "ThuNgay", "ThuNgay\ThuNgay.csproj", "{1A55D932-CA96-42DB-A1EB-F93759634897}"
EndProject
Global
	GlobalSection(SolutionConfigurationPlatforms) = preSolution
		Debug|Any CPU = Debug|Any CPU
		Release|Any CPU = Release|Any CPU
	EndGlobalSection
	GlobalSection(ProjectConfigurationPlatforms) = postSolution
		{D683A1A7-4B6F-41B3-A532-8DA12F302687}.Debug|Any CPU.ActiveCfg = Debug|Any CPU
		{D683A1A7-4B6F-41B3-A532-8DA12F302687}.Debug|Any CPU.Build.0 = Debug|Any CPU
		{D683A1A7-4B6F-41B3-A532-8DA12F302687}.Release|Any CPU.ActiveCfg = Release|Any CPU
		{D683A1A7-4B6F-41B3-A532-8DA12F302687}.Release|Any CPU.Build.0 = Release|Any CPU
		{3CB1B899-802E-4F15-BD87-E15564F7838B}.Debug|Any CPU.ActiveCfg = Debug|Any CPU
		{3CB1B899-802E-4F15-BD87-E15564F7838B}.Debug|Any CPU.Build.0 = Debug|Any CPU
		{3CB1B899-802E-4F15-BD87-E15564F7838B}.Release|Any CPU.ActiveCfg = Release|Any CPU
		{3CB1B899-802E-4F15-BD87-E15564F7838B}.Release|Any CPU.Build.0 = Release|Any CPU
		{09BDB16F-B0B6-4F80-8D65-E044ADE422EA}.Debug|Any CPU.ActiveCfg = Debug|Any CPU
		{09BDB16F-B0B6-4F80-8D65-E044ADE422EA}.Debug|Any CPU.Build.0 = Debug|Any CPU
		{09BDB16F-B0B6-4F80-8D65-E044ADE422EA}.Release|Any CPU.ActiveCfg = Release|Any CPU
		{09BDB16F-B0B6-4F80-8D65-E044ADE422EA}.Release|Any CPU.Build.0 = Release|Any CPU
		{AB552CAD-A5A2-49D1-8799-3EE9816A5300}.Debug|Any CPU.ActiveCfg = Debug|Any CPU
		{AB552CAD-A5A2-49D1-8799-3EE9816A5300}.Debug|Any CPU.Build.0 = Debug|Any CPU
		{AB552CAD-A5A2-49D1-8799-3EE9816A5300}.Release|Any CPU.ActiveCfg = Release|Any CPU
		{AB552CAD-A5A2-49D1-8799-3EE9816A5300}.Release|Any CPU.Build.0 = Release|Any CPU
		{2B81F8D6-54E1-41C0-8E32-9C70FB0000F1}.Debug|Any CPU.ActiveCfg = Debug|Any CPU
		{2B81F8D6-54E1-41C0-8E32-9C70FB0000F1}.Debug|Any CPU.Build.0 = Debug|Any CPU
		{2B81F8D6-54E1-41C0-8E32-9C70FB0000F1}.Release|Any CPU.ActiveCfg = Release|Any CPU
		{2B81F8D6-54E1-41C0-8E32-9C70FB0000F1}.Release|Any CPU.Build.0 = Release|Any CPU
		{19ED3F9D-AF50-4170-B7D7-0DB7CF285317}.Debug|Any CPU.ActiveCfg = Debug|Any CPU
		{19ED3F9D-AF50-4170-B7D7-0DB7CF285317}.Debug|Any CPU.Build.0 = Debug|Any CPU
		{19ED3F9D-AF50-4170-B7D7-0DB7CF285317}.Release|Any CPU.ActiveCfg = Release|Any CPU
		{19ED3F9D-AF50-4170-B7D7-0DB7CF285317}.Release|Any CPU.Build.0 = Release|Any CPU
		{1A9C528E-FC52-4871-BB4E-7EC059F69C4F}.Debug|Any CPU.ActiveCfg = Debug|Any CPU
		{1A9C528E-FC52-4871-BB4E-7EC059F69C4F}.Debug|Any CPU.Build.0 = Debug|Any CPU
		{1A9C528E-FC52-4871-BB4E-7EC059F69C4F}.Release|Any CPU.ActiveCfg = Release|Any CPU
		{1A9C528E-FC52-4871-BB4E-7EC059F69C4F}.Release|Any CPU.Build.0 = Release|Any CPU
		{E469B506-E570-4EEC-B507-38D0EE53674D}.Debug|Any CPU.ActiveCfg = Debug|Any CPU
		{E469B506-E570-4EEC-B507-38D0EE53674D}.Debug|Any CPU.Build.0 = Debug|Any CPU
		{E469B506-E570-4EEC-B507-38D0EE53674D}.Release|Any CPU.ActiveCfg = Release|Any CPU
		{E469B506-E570-4EEC-B507-38D0EE53674D}.Release|Any CPU.Build.0 = Release|Any CPU
		{7306D7A3-0ED2-4E8D-BE36-0E14209753E5}.Debug|Any CPU.ActiveCfg = Debug|Any CPU
		{7306D7A3-0ED2-4E8D-BE36-0E14209753E5}.Debug|Any CPU.Build.0 = Debug|Any CPU
		{7306D7A3-0ED2-4E8D-BE36-0E14209753E5}.Release|Any CPU.ActiveCfg = Release|Any CPU
		{7306D7A3-0ED2-4E8D-BE36-0E14209753E5}.Release|Any CPU.Build.0 = Release|Any CPU
		{897C5171-9A2C-4595-BBB5-AE8A3BAC5F3A}.Debug|Any CPU.ActiveCfg = Debug|Any CPU
		{897C5171-9A2C-4595-BBB5-AE8A3BAC5F3A}.Debug|Any CPU.Build.0 = Debug|Any CPU
		{897C5171-9A2C-4595-BBB5-AE8A3BAC5F3A}.Release|Any CPU.ActiveCfg = Release|Any CPU
		{897C5171-9A2C-4595-BBB5-AE8A3BAC5F3A}.Release|Any CPU.Build.0 = Release|Any CPU
		{71E522CC-0F6B-4D52-B72A-C9DD7DA99AC2}.Debug|Any CPU.ActiveCfg = Debug|Any CPU
		{71E522CC-0F6B-4D52-B72A-C9DD7DA99AC2}.Debug|Any CPU.Build.0 = Debug|Any CPU
		{71E522CC-0F6B-4D52-B72A-C9DD7DA99AC2}.Release|Any CPU.ActiveCfg = Release|Any CPU
		{71E522CC-0F6B-4D52-B72A-C9DD7DA99AC2}.Release|Any CPU.Build.0 = Release|Any CPU
		{1A55D932-CA96-42DB-A1EB-F93759634897}.Debug|Any CPU.ActiveCfg = Debug|Any CPU
		{1A55D932-CA96-42DB-A1EB-F93759634897}.Debug|Any CPU.Build.0 = Debug|Any CPU
		{1A55D932-CA96-42DB-A1EB-F93759634897}.Release|Any CPU.ActiveCfg = Release|Any CPU
		{1A55D932-CA96-42DB-A1EB-F93759634897}.Release|Any CPU.Build.0 = Release|Any CPU
	EndGlobalSection
	GlobalSection(SolutionProperties) = preSolution
		HideSolutionNode = FALSE
	EndGlobalSection
	GlobalSection(ExtensibilityGlobals) = postSolution
		SolutionGuid = {AFCD87F7-04C0-4A5D-90CA-2CAE5D4014B0}
	EndGlobalSection
EndGlobal
